
Microsoft Visual Studio Solution File, Format Version 12.00
# Visual Studio Version 17
VisualStudioVersion = 17.4.33103.184
MinimumVisualStudioVersion = 10.0.40219.1
Project("{FAE04EC0-301F-11D3-BF4B-00C04F79EFBC}") = "OVINIManager", "OVINIManager\OVINIManager.csproj", "{3090908F-B72A-4AE6-AE15-A64DFEDEF499}"
EndProject
Project("{FAE04EC0-301F-11D3-BF4B-00C04F79EFBC}") = "BibliotecaOVNI", "BibliotecaOVNI\BibliotecaOVNI\BibliotecaOVNI.csproj", "{7577C21D-1E10-4713-BC20-5339BEE758AF}"
EndProject
Global
	GlobalSection(SolutionConfigurationPlatforms) = preSolution
		Debug|Any CPU = Debug|Any CPU
		Release|Any CPU = Release|Any CPU
	EndGlobalSection
	GlobalSection(ProjectConfigurationPlatforms) = postSolution
		{3090908F-B72A-4AE6-AE15-A64DFEDEF499}.Debug|Any CPU.ActiveCfg = Debug|Any CPU
		{3090908F-B72A-4AE6-AE15-A64DFEDEF499}.Debug|Any CPU.Build.0 = Debug|Any CPU
		{3090908F-B72A-4AE6-AE15-A64DFEDEF499}.Release|Any CPU.ActiveCfg = Release|Any CPU
		{3090908F-B72A-4AE6-AE15-A64DFEDEF499}.Release|Any CPU.Build.0 = Release|Any CPU
		{7577C21D-1E10-4713-BC20-5339BEE758AF}.Debug|Any CPU.ActiveCfg = Debug|Any CPU
		{7577C21D-1E10-4713-BC20-5339BEE758AF}.Debug|Any CPU.Build.0 = Debug|Any CPU
		{7577C21D-1E10-4713-BC20-5339BEE758AF}.Release|Any CPU.ActiveCfg = Release|Any CPU
		{7577C21D-1E10-4713-BC20-5339BEE758AF}.Release|Any CPU.Build.0 = Release|Any CPU
	EndGlobalSection
	GlobalSection(SolutionProperties) = preSolution
		HideSolutionNode = FALSE
	EndGlobalSection
	GlobalSection(ExtensibilityGlobals) = postSolution
		SolutionGuid = {CD92A8D4-07E8-4B02-B8CD-26E4D77B9E5C}
	EndGlobalSection
EndGlobal
